// !$*UTF8*$!
{
	archiveVersion = 1;
	classes = {
	};
	objectVersion = 50;
	objects = {

/* Begin PBXBuildFile section */
		5231AEA123F7B9F900B71BDD /* AppDelegate.swift in Sources */ = {isa = PBXBuildFile; fileRef = 5231AEA023F7B9F900B71BDD /* AppDelegate.swift */; };
		5231AEA323F7B9F900B71BDD /* SceneDelegate.swift in Sources */ = {isa = PBXBuildFile; fileRef = 5231AEA223F7B9F900B71BDD /* SceneDelegate.swift */; };
		5231AEA823F7B9F900B71BDD /* Main.storyboard in Resources */ = {isa = PBXBuildFile; fileRef = 5231AEA623F7B9F900B71BDD /* Main.storyboard */; };
		5231AEAA23F7B9FE00B71BDD /* Assets.xcassets in Resources */ = {isa = PBXBuildFile; fileRef = 5231AEA923F7B9FE00B71BDD /* Assets.xcassets */; };
		5231AEAD23F7B9FE00B71BDD /* LaunchScreen.storyboard in Resources */ = {isa = PBXBuildFile; fileRef = 5231AEAB23F7B9FE00B71BDD /* LaunchScreen.storyboard */; };
		5231AEB523F7BA9800B71BDD /* AddMemoViewController.swift in Sources */ = {isa = PBXBuildFile; fileRef = 5231AEB423F7BA9800B71BDD /* AddMemoViewController.swift */; };
		5231AEBE23FD4C0700B71BDD /* MemoModel.swift in Sources */ = {isa = PBXBuildFile; fileRef = 5231AEBD23FD4C0700B71BDD /* MemoModel.swift */; };
		5231AEC123FD4E5500B71BDD /* MemoDB.swift in Sources */ = {isa = PBXBuildFile; fileRef = 5231AEC023FD4E5500B71BDD /* MemoDB.swift */; };
/* End PBXBuildFile section */

/* Begin PBXFileReference section */
		5231AE9D23F7B9F900B71BDD /* MemoApp.app */ = {isa = PBXFileReference; explicitFileType = wrapper.application; includeInIndex = 0; path = MemoApp.app; sourceTree = BUILT_PRODUCTS_DIR; };
		5231AEA023F7B9F900B71BDD /* AppDelegate.swift */ = {isa = PBXFileReference; lastKnownFileType = sourcecode.swift; name = AppDelegate.swift; path = ../AppDelegate.swift; sourceTree = "<group>"; };
		5231AEA223F7B9F900B71BDD /* SceneDelegate.swift */ = {isa = PBXFileReference; lastKnownFileType = sourcecode.swift; name = SceneDelegate.swift; path = ../SceneDelegate.swift; sourceTree = "<group>"; };
		5231AEA723F7B9F900B71BDD /* Base */ = {isa = PBXFileReference; lastKnownFileType = file.storyboard; name = Base; path = Base.lproj/Main.storyboard; sourceTree = "<group>"; };
		5231AEA923F7B9FE00B71BDD /* Assets.xcassets */ = {isa = PBXFileReference; lastKnownFileType = folder.assetcatalog; path = Assets.xcassets; sourceTree = "<group>"; };
		5231AEAC23F7B9FE00B71BDD /* Base */ = {isa = PBXFileReference; lastKnownFileType = file.storyboard; name = Base; path = Base.lproj/LaunchScreen.storyboard; sourceTree = "<group>"; };
		5231AEAE23F7B9FE00B71BDD /* Info.plist */ = {isa = PBXFileReference; lastKnownFileType = text.plist.xml; path = Info.plist; sourceTree = "<group>"; };
		5231AEB423F7BA9800B71BDD /* AddMemoViewController.swift */ = {isa = PBXFileReference; lastKnownFileType = sourcecode.swift; path = AddMemoViewController.swift; sourceTree = "<group>"; };
		5231AEBD23FD4C0700B71BDD /* MemoModel.swift */ = {isa = PBXFileReference; lastKnownFileType = sourcecode.swift; path = MemoModel.swift; sourceTree = "<group>"; };
		5231AEC023FD4E5500B71BDD /* MemoDB.swift */ = {isa = PBXFileReference; lastKnownFileType = sourcecode.swift; path = MemoDB.swift; sourceTree = "<group>"; };
/* End PBXFileReference section */

/* Begin PBXFrameworksBuildPhase section */
		5231AE9A23F7B9F900B71BDD /* Frameworks */ = {
			isa = PBXFrameworksBuildPhase;
			buildActionMask = 2147483647;
			files = (
			);
			runOnlyForDeploymentPostprocessing = 0;
		};
/* End PBXFrameworksBuildPhase section */

/* Begin PBXGroup section */
		5231AE9423F7B9F900B71BDD = {
			isa = PBXGroup;
			children = (
				5231AE9F23F7B9F900B71BDD /* MemoApp */,
				5231AE9E23F7B9F900B71BDD /* Products */,
			);
			sourceTree = "<group>";
		};
		5231AE9E23F7B9F900B71BDD /* Products */ = {
			isa = PBXGroup;
			children = (
				5231AE9D23F7B9F900B71BDD /* MemoApp.app */,
			);
			name = Products;
			sourceTree = "<group>";
		};
		5231AE9F23F7B9F900B71BDD /* MemoApp */ = {
			isa = PBXGroup;
			children = (
				5231AEAE23F7B9FE00B71BDD /* Info.plist */,
				5231AEB723FBF84600B71BDD /* Resources */,
				5231AEB623FBF84000B71BDD /* Sources */,
			);
			path = MemoApp;
			sourceTree = "<group>";
		};
		5231AEB623FBF84000B71BDD /* Sources */ = {
			isa = PBXGroup;
			children = (
				5231AEA023F7B9F900B71BDD /* AppDelegate.swift */,
				5231AEA223F7B9F900B71BDD /* SceneDelegate.swift */,
				5231AEBF23FD4E4100B71BDD /* DB */,
				5231AEBA23FC0F8F00B71BDD /* Models */,
				5231AEB823FBF85A00B71BDD /* ViewControllers */,
			);
			path = Sources;
			sourceTree = "<group>";
		};
		5231AEB723FBF84600B71BDD /* Resources */ = {
			isa = PBXGroup;
			children = (
				5231AEA923F7B9FE00B71BDD /* Assets.xcassets */,
				5231AEB923FBF86700B71BDD /* Storyboards */,
			);
			path = Resources;
			sourceTree = "<group>";
		};
		5231AEB823FBF85A00B71BDD /* ViewControllers */ = {
			isa = PBXGroup;
			children = (
				5231AEB423F7BA9800B71BDD /* AddMemoViewController.swift */,
			);
			path = ViewControllers;
			sourceTree = "<group>";
		};
		5231AEB923FBF86700B71BDD /* Storyboards */ = {
			isa = PBXGroup;
			children = (
				5231AEA623F7B9F900B71BDD /* Main.storyboard */,
				5231AEAB23F7B9FE00B71BDD /* LaunchScreen.storyboard */,
			);
			path = Storyboards;
			sourceTree = "<group>";
		};
		5231AEBA23FC0F8F00B71BDD /* Models */ = {
			isa = PBXGroup;
			children = (
				5231AEBD23FD4C0700B71BDD /* MemoModel.swift */,
			);
			path = Models;
			sourceTree = "<group>";
		};
		5231AEBF23FD4E4100B71BDD /* DB */ = {
			isa = PBXGroup;
			children = (
				5231AEC023FD4E5500B71BDD /* MemoDB.swift */,
			);
			path = DB;
			sourceTree = "<group>";
		};
/* End PBXGroup section */

/* Begin PBXNativeTarget section */
		5231AE9C23F7B9F900B71BDD /* MemoApp */ = {
			isa = PBXNativeTarget;
			buildConfigurationList = 5231AEB123F7B9FE00B71BDD /* Build configuration list for PBXNativeTarget "MemoApp" */;
			buildPhases = (
				5231AE9923F7B9F900B71BDD /* Sources */,
				5231AE9A23F7B9F900B71BDD /* Frameworks */,
				5231AE9B23F7B9F900B71BDD /* Resources */,
			);
			buildRules = (
			);
			dependencies = (
			);
			name = MemoApp;
			productName = MemoApp;
			productReference = 5231AE9D23F7B9F900B71BDD /* MemoApp.app */;
			productType = "com.apple.product-type.application";
		};
/* End PBXNativeTarget section */

/* Begin PBXProject section */
		5231AE9523F7B9F900B71BDD /* Project object */ = {
			isa = PBXProject;
			attributes = {
				LastSwiftUpdateCheck = 1130;
				LastUpgradeCheck = 1130;
				ORGANIZATIONNAME = "김현지";
				TargetAttributes = {
					5231AE9C23F7B9F900B71BDD = {
						CreatedOnToolsVersion = 11.3.1;
					};
				};
			};
			buildConfigurationList = 5231AE9823F7B9F900B71BDD /* Build configuration list for PBXProject "MemoApp" */;
			compatibilityVersion = "Xcode 9.3";
			developmentRegion = en;
			hasScannedForEncodings = 0;
			knownRegions = (
				en,
				Base,
			);
			mainGroup = 5231AE9423F7B9F900B71BDD;
			productRefGroup = 5231AE9E23F7B9F900B71BDD /* Products */;
			projectDirPath = "";
			projectRoot = "";
			targets = (
				5231AE9C23F7B9F900B71BDD /* MemoApp */,
			);
		};
/* End PBXProject section */

/* Begin PBXResourcesBuildPhase section */
		5231AE9B23F7B9F900B71BDD /* Resources */ = {
			isa = PBXResourcesBuildPhase;
			buildActionMask = 2147483647;
			files = (
				5231AEAD23F7B9FE00B71BDD /* LaunchScreen.storyboard in Resources */,
				5231AEAA23F7B9FE00B71BDD /* Assets.xcassets in Resources */,
				5231AEA823F7B9F900B71BDD /* Main.storyboard in Resources */,
			);
			runOnlyForDeploymentPostprocessing = 0;
		};
/* End PBXResourcesBuildPhase section */

/* Begin PBXSourcesBuildPhase section */
		5231AE9923F7B9F900B71BDD /* Sources */ = {
			isa = PBXSourcesBuildPhase;
			buildActionMask = 2147483647;
			files = (
				5231AEC123FD4E5500B71BDD /* MemoDB.swift in Sources */,
				5231AEB523F7BA9800B71BDD /* AddMemoViewController.swift in Sources */,
				5231AEBE23FD4C0700B71BDD /* MemoModel.swift in Sources */,
				5231AEA123F7B9F900B71BDD /* AppDelegate.swift in Sources */,
				5231AEA323F7B9F900B71BDD /* SceneDelegate.swift in Sources */,
			);
			runOnlyForDeploymentPostprocessing = 0;
		};
/* End PBXSourcesBuildPhase section */

/* Begin PBXVariantGroup section */
		5231AEA623F7B9F900B71BDD /* Main.storyboard */ = {
			isa = PBXVariantGroup;
			children = (
				5231AEA723F7B9F900B71BDD /* Base */,
			);
			name = Main.storyboard;
			sourceTree = "<group>";
		};
		5231AEAB23F7B9FE00B71BDD /* LaunchScreen.storyboard */ = {
			isa = PBXVariantGroup;
			children = (
				5231AEAC23F7B9FE00B71BDD /* Base */,
			);
			name = LaunchScreen.storyboard;
			sourceTree = "<group>";
		};
/* End PBXVariantGroup section */

/* Begin XCBuildConfiguration section */
		5231AEAF23F7B9FE00B71BDD /* Debug */ = {
			isa = XCBuildConfiguration;
			buildSettings = {
				ALWAYS_SEARCH_USER_PATHS = NO;
				CLANG_ANALYZER_NONNULL = YES;
				CLANG_ANALYZER_NUMBER_OBJECT_CONVERSION = YES_AGGRESSIVE;
				CLANG_CXX_LANGUAGE_STANDARD = "gnu++14";
				CLANG_CXX_LIBRARY = "libc++";
				CLANG_ENABLE_MODULES = YES;
				CLANG_ENABLE_OBJC_ARC = YES;
				CLANG_ENABLE_OBJC_WEAK = YES;
				CLANG_WARN_BLOCK_CAPTURE_AUTORELEASING = YES;
				CLANG_WARN_BOOL_CONVERSION = YES;
				CLANG_WARN_COMMA = YES;
				CLANG_WARN_CONSTANT_CONVERSION = YES;
				CLANG_WARN_DEPRECATED_OBJC_IMPLEMENTATIONS = YES;
				CLANG_WARN_DIRECT_OBJC_ISA_USAGE = YES_ERROR;
				CLANG_WARN_DOCUMENTATION_COMMENTS = YES;
				CLANG_WARN_EMPTY_BODY = YES;
				CLANG_WARN_ENUM_CONVERSION = YES;
				CLANG_WARN_INFINITE_RECURSION = YES;
				CLANG_WARN_INT_CONVERSION = YES;
				CLANG_WARN_NON_LITERAL_NULL_CONVERSION = YES;
				CLANG_WARN_OBJC_IMPLICIT_RETAIN_SELF = YES;
				CLANG_WARN_OBJC_LITERAL_CONVERSION = YES;
				CLANG_WARN_OBJC_ROOT_CLASS = YES_ERROR;
				CLANG_WARN_RANGE_LOOP_ANALYSIS = YES;
				CLANG_WARN_STRICT_PROTOTYPES = YES;
				CLANG_WARN_SUSPICIOUS_MOVE = YES;
				CLANG_WARN_UNGUARDED_AVAILABILITY = YES_AGGRESSIVE;
				CLANG_WARN_UNREACHABLE_CODE = YES;
				CLANG_WARN__DUPLICATE_METHOD_MATCH = YES;
				COPY_PHASE_STRIP = NO;
				DEBUG_INFORMATION_FORMAT = dwarf;
				ENABLE_STRICT_OBJC_MSGSEND = YES;
				ENABLE_TESTABILITY = YES;
				GCC_C_LANGUAGE_STANDARD = gnu11;
				GCC_DYNAMIC_NO_PIC = NO;
				GCC_NO_COMMON_BLOCKS = YES;
				GCC_OPTIMIZATION_LEVEL = 0;
				GCC_PREPROCESSOR_DEFINITIONS = (
					"DEBUG=1",
					"$(inherited)",
				);
				GCC_WARN_64_TO_32_BIT_CONVERSION = YES;
				GCC_WARN_ABOUT_RETURN_TYPE = YES_ERROR;
				GCC_WARN_UNDECLARED_SELECTOR = YES;
				GCC_WARN_UNINITIALIZED_AUTOS = YES_AGGRESSIVE;
				GCC_WARN_UNUSED_FUNCTION = YES;
				GCC_WARN_UNUSED_VARIABLE = YES;
				IPHONEOS_DEPLOYMENT_TARGET = 13.2;
				MTL_ENABLE_DEBUG_INFO = INCLUDE_SOURCE;
				MTL_FAST_MATH = YES;
				ONLY_ACTIVE_ARCH = YES;
				SDKROOT = iphoneos;
				SWIFT_ACTIVE_COMPILATION_CONDITIONS = DEBUG;
				SWIFT_OPTIMIZATION_LEVEL = "-Onone";
			};
			name = Debug;
		};
		5231AEB023F7B9FE00B71BDD /* Release */ = {
			isa = XCBuildConfiguration;
			buildSettings = {
				ALWAYS_SEARCH_USER_PATHS = NO;
				CLANG_ANALYZER_NONNULL = YES;
				CLANG_ANALYZER_NUMBER_OBJECT_CONVERSION = YES_AGGRESSIVE;
				CLANG_CXX_LANGUAGE_STANDARD = "gnu++14";
				CLANG_CXX_LIBRARY = "libc++";
				CLANG_ENABLE_MODULES = YES;
				CLANG_ENABLE_OBJC_ARC = YES;
				CLANG_ENABLE_OBJC_WEAK = YES;
				CLANG_WARN_BLOCK_CAPTURE_AUTORELEASING = YES;
				CLANG_WARN_BOOL_CONVERSION = YES;
				CLANG_WARN_COMMA = YES;
				CLANG_WARN_CONSTANT_CONVERSION = YES;
				CLANG_WARN_DEPRECATED_OBJC_IMPLEMENTATIONS = YES;
				CLANG_WARN_DIRECT_OBJC_ISA_USAGE = YES_ERROR;
				CLANG_WARN_DOCUMENTATION_COMMENTS = YES;
				CLANG_WARN_EMPTY_BODY = YES;
				CLANG_WARN_ENUM_CONVERSION = YES;
				CLANG_WARN_INFINITE_RECURSION = YES;
				CLANG_WARN_INT_CONVERSION = YES;
				CLANG_WARN_NON_LITERAL_NULL_CONVERSION = YES;
				CLANG_WARN_OBJC_IMPLICIT_RETAIN_SELF = YES;
				CLANG_WARN_OBJC_LITERAL_CONVERSION = YES;
				CLANG_WARN_OBJC_ROOT_CLASS = YES_ERROR;
				CLANG_WARN_RANGE_LOOP_ANALYSIS = YES;
				CLANG_WARN_STRICT_PROTOTYPES = YES;
				CLANG_WARN_SUSPICIOUS_MOVE = YES;
				CLANG_WARN_UNGUARDED_AVAILABILITY = YES_AGGRESSIVE;
				CLANG_WARN_UNREACHABLE_CODE = YES;
				CLANG_WARN__DUPLICATE_METHOD_MATCH = YES;
				COPY_PHASE_STRIP = NO;
				DEBUG_INFORMATION_FORMAT = "dwarf-with-dsym";
				ENABLE_NS_ASSERTIONS = NO;
				ENABLE_STRICT_OBJC_MSGSEND = YES;
				GCC_C_LANGUAGE_STANDARD = gnu11;
				GCC_NO_COMMON_BLOCKS = YES;
				GCC_WARN_64_TO_32_BIT_CONVERSION = YES;
				GCC_WARN_ABOUT_RETURN_TYPE = YES_ERROR;
				GCC_WARN_UNDECLARED_SELECTOR = YES;
				GCC_WARN_UNINITIALIZED_AUTOS = YES_AGGRESSIVE;
				GCC_WARN_UNUSED_FUNCTION = YES;
				GCC_WARN_UNUSED_VARIABLE = YES;
				IPHONEOS_DEPLOYMENT_TARGET = 13.2;
				MTL_ENABLE_DEBUG_INFO = NO;
				MTL_FAST_MATH = YES;
				SDKROOT = iphoneos;
				SWIFT_COMPILATION_MODE = wholemodule;
				SWIFT_OPTIMIZATION_LEVEL = "-O";
				VALIDATE_PRODUCT = YES;
			};
			name = Release;
		};
		5231AEB223F7B9FE00B71BDD /* Debug */ = {
			isa = XCBuildConfiguration;
			buildSettings = {
				ASSETCATALOG_COMPILER_APPICON_NAME = AppIcon;
				CODE_SIGN_STYLE = Automatic;
				DEVELOPMENT_TEAM = CYJWF25337;
				INFOPLIST_FILE = MemoApp/Info.plist;
				LD_RUNPATH_SEARCH_PATHS = (
					"$(inherited)",
					"@executable_path/Frameworks",
				);
				PRODUCT_BUNDLE_IDENTIFIER = com.hyunji.MemoApp;
				PRODUCT_NAME = "$(TARGET_NAME)";
				SWIFT_VERSION = 5.0;
				TARGETED_DEVICE_FAMILY = "1,2";
			};
			name = Debug;
		};
		5231AEB323F7B9FE00B71BDD /* Release */ = {
			isa = XCBuildConfiguration;
			buildSettings = {
				ASSETCATALOG_COMPILER_APPICON_NAME = AppIcon;
				CODE_SIGN_STYLE = Automatic;
				DEVELOPMENT_TEAM = CYJWF25337;
				INFOPLIST_FILE = MemoApp/Info.plist;
				LD_RUNPATH_SEARCH_PATHS = (
					"$(inherited)",
					"@executable_path/Frameworks",
				);
				PRODUCT_BUNDLE_IDENTIFIER = com.hyunji.MemoApp;
				PRODUCT_NAME = "$(TARGET_NAME)";
				SWIFT_VERSION = 5.0;
				TARGETED_DEVICE_FAMILY = "1,2";
			};
			name = Release;
		};
/* End XCBuildConfiguration section */

/* Begin XCConfigurationList section */
		5231AE9823F7B9F900B71BDD /* Build configuration list for PBXProject "MemoApp" */ = {
			isa = XCConfigurationList;
			buildConfigurations = (
				5231AEAF23F7B9FE00B71BDD /* Debug */,
				5231AEB023F7B9FE00B71BDD /* Release */,
			);
			defaultConfigurationIsVisible = 0;
			defaultConfigurationName = Release;
		};
		5231AEB123F7B9FE00B71BDD /* Build configuration list for PBXNativeTarget "MemoApp" */ = {
			isa = XCConfigurationList;
			buildConfigurations = (
				5231AEB223F7B9FE00B71BDD /* Debug */,
				5231AEB323F7B9FE00B71BDD /* Release */,
			);
			defaultConfigurationIsVisible = 0;
			defaultConfigurationName = Release;
		};
/* End XCConfigurationList section */
	};
	rootObject = 5231AE9523F7B9F900B71BDD /* Project object */;
}
